
Microsoft Visual Studio Solution File, Format Version 11.00
# Visual Studio 2010
Project("{FAE04EC0-301F-11D3-BF4B-00C04F79EFBC}") = "Assembly-CSharp", "Assembly-CSharp.csproj", "{9683C455-5DBD-66F2-55CE-AC5EBA1BA7F0}"
EndProject
Project("{FAE04EC0-301F-11D3-BF4B-00C04F79EFBC}") = "Assembly-CSharp-Editor", "Assembly-CSharp-Editor.csproj", "{700B18AB-3126-1A53-F203-3614BEC3E740}"
EndProject
Global
	GlobalSection(SolutionConfigurationPlatforms) = preSolution
		Debug|Any CPU = Debug|Any CPU
		Release|Any CPU = Release|Any CPU
	EndGlobalSection
	GlobalSection(ProjectConfigurationPlatforms) = postSolution
		{9683C455-5DBD-66F2-55CE-AC5EBA1BA7F0}.Debug|Any CPU.ActiveCfg = Debug|Any CPU
		{9683C455-5DBD-66F2-55CE-AC5EBA1BA7F0}.Debug|Any CPU.Build.0 = Debug|Any CPU
		{9683C455-5DBD-66F2-55CE-AC5EBA1BA7F0}.Release|Any CPU.ActiveCfg = Release|Any CPU
		{9683C455-5DBD-66F2-55CE-AC5EBA1BA7F0}.Release|Any CPU.Build.0 = Release|Any CPU
		{700B18AB-3126-1A53-F203-3614BEC3E740}.Debug|Any CPU.ActiveCfg = Debug|Any CPU
		{700B18AB-3126-1A53-F203-3614BEC3E740}.Debug|Any CPU.Build.0 = Debug|Any CPU
		{700B18AB-3126-1A53-F203-3614BEC3E740}.Release|Any CPU.ActiveCfg = Release|Any CPU
		{700B18AB-3126-1A53-F203-3614BEC3E740}.Release|Any CPU.Build.0 = Release|Any CPU
	EndGlobalSection
	GlobalSection(SolutionProperties) = preSolution
		HideSolutionNode = FALSE
	EndGlobalSection
EndGlobal
